
Microsoft Visual Studio Solution File, Format Version 12.00
# Visual Studio Version 16
VisualStudioVersion = 16.0.29215.179
MinimumVisualStudioVersion = 10.0.40219.1
Project("{FAE04EC0-301F-11D3-BF4B-00C04F79EFBC}") = "mswanson1730ex1b", "mswanson1730ex1b\mswanson1730ex1b.csproj", "{5E69786F-1D34-4CE5-99AA-1CF692328C0A}"
EndProject
Project("{FAE04EC0-301F-11D3-BF4B-00C04F79EFBC}") = "mswanson1c1", "mswanson1c1\mswanson1c1.csproj", "{3C8193C0-5A34-4DD8-B133-E2D2F074992D}"
EndProject
Project("{FAE04EC0-301F-11D3-BF4B-00C04F79EFBC}") = "mswanson1d1", "mswanson1d1\mswanson1d1.csproj", "{B558995C-D108-4A8D-9323-FED2D7AF753F}"
EndProject
Project("{FAE04EC0-301F-11D3-BF4B-00C04F79EFBC}") = "mswanson1E1", "mswanson1E1\mswanson1E1.csproj", "{611E976F-B101-4DEB-BF89-CB9CE19E7591}"
EndProject
Project("{FAE04EC0-301F-11D3-BF4B-00C04F79EFBC}") = "mswanson1f1", "mswanson1f1\mswanson1f1.csproj", "{95D77C5D-6461-4C3A-8D0C-D718AD052170}"
EndProject
Project("{FAE04EC0-301F-11D3-BF4B-00C04F79EFBC}") = "swamson1G1", "swamson1G1\swamson1G1.csproj", "{F7471E8E-A1FB-4C7C-9E68-9EA80FB4007C}"
EndProject
Project("{FAE04EC0-301F-11D3-BF4B-00C04F79EFBC}") = "variable sample", "variable\variable sample.csproj", "{48DE1B6D-301F-4878-9D5E-8F964EA2549F}"
EndProject
Project("{FAE04EC0-301F-11D3-BF4B-00C04F79EFBC}") = "mswanson2a1", "mswanson2a1\mswanson2a1.csproj", "{248ABB82-7709-4B79-9C75-BACAAFF4F05E}"
EndProject
Global
	GlobalSection(SolutionConfigurationPlatforms) = preSolution
		Debug|Any CPU = Debug|Any CPU
		Release|Any CPU = Release|Any CPU
	EndGlobalSection
	GlobalSection(ProjectConfigurationPlatforms) = postSolution
		{5E69786F-1D34-4CE5-99AA-1CF692328C0A}.Debug|Any CPU.ActiveCfg = Debug|Any CPU
		{5E69786F-1D34-4CE5-99AA-1CF692328C0A}.Debug|Any CPU.Build.0 = Debug|Any CPU
		{5E69786F-1D34-4CE5-99AA-1CF692328C0A}.Release|Any CPU.ActiveCfg = Release|Any CPU
		{5E69786F-1D34-4CE5-99AA-1CF692328C0A}.Release|Any CPU.Build.0 = Release|Any CPU
		{3C8193C0-5A34-4DD8-B133-E2D2F074992D}.Debug|Any CPU.ActiveCfg = Debug|Any CPU
		{3C8193C0-5A34-4DD8-B133-E2D2F074992D}.Debug|Any CPU.Build.0 = Debug|Any CPU
		{3C8193C0-5A34-4DD8-B133-E2D2F074992D}.Release|Any CPU.ActiveCfg = Release|Any CPU
		{3C8193C0-5A34-4DD8-B133-E2D2F074992D}.Release|Any CPU.Build.0 = Release|Any CPU
		{B558995C-D108-4A8D-9323-FED2D7AF753F}.Debug|Any CPU.ActiveCfg = Debug|Any CPU
		{B558995C-D108-4A8D-9323-FED2D7AF753F}.Debug|Any CPU.Build.0 = Debug|Any CPU
		{B558995C-D108-4A8D-9323-FED2D7AF753F}.Release|Any CPU.ActiveCfg = Release|Any CPU
		{B558995C-D108-4A8D-9323-FED2D7AF753F}.Release|Any CPU.Build.0 = Release|Any CPU
		{611E976F-B101-4DEB-BF89-CB9CE19E7591}.Debug|Any CPU.ActiveCfg = Debug|Any CPU
		{611E976F-B101-4DEB-BF89-CB9CE19E7591}.Debug|Any CPU.Build.0 = Debug|Any CPU
		{611E976F-B101-4DEB-BF89-CB9CE19E7591}.Release|Any CPU.ActiveCfg = Release|Any CPU
		{611E976F-B101-4DEB-BF89-CB9CE19E7591}.Release|Any CPU.Build.0 = Release|Any CPU
		{95D77C5D-6461-4C3A-8D0C-D718AD052170}.Debug|Any CPU.ActiveCfg = Debug|Any CPU
		{95D77C5D-6461-4C3A-8D0C-D718AD052170}.Debug|Any CPU.Build.0 = Debug|Any CPU
		{95D77C5D-6461-4C3A-8D0C-D718AD052170}.Release|Any CPU.ActiveCfg = Release|Any CPU
		{95D77C5D-6461-4C3A-8D0C-D718AD052170}.Release|Any CPU.Build.0 = Release|Any CPU
		{F7471E8E-A1FB-4C7C-9E68-9EA80FB4007C}.Debug|Any CPU.ActiveCfg = Debug|Any CPU
		{F7471E8E-A1FB-4C7C-9E68-9EA80FB4007C}.Debug|Any CPU.Build.0 = Debug|Any CPU
		{F7471E8E-A1FB-4C7C-9E68-9EA80FB4007C}.Release|Any CPU.ActiveCfg = Release|Any CPU
		{F7471E8E-A1FB-4C7C-9E68-9EA80FB4007C}.Release|Any CPU.Build.0 = Release|Any CPU
		{48DE1B6D-301F-4878-9D5E-8F964EA2549F}.Debug|Any CPU.ActiveCfg = Debug|Any CPU
		{48DE1B6D-301F-4878-9D5E-8F964EA2549F}.Debug|Any CPU.Build.0 = Debug|Any CPU
		{48DE1B6D-301F-4878-9D5E-8F964EA2549F}.Release|Any CPU.ActiveCfg = Release|Any CPU
		{48DE1B6D-301F-4878-9D5E-8F964EA2549F}.Release|Any CPU.Build.0 = Release|Any CPU
		{248ABB82-7709-4B79-9C75-BACAAFF4F05E}.Debug|Any CPU.ActiveCfg = Debug|Any CPU
		{248ABB82-7709-4B79-9C75-BACAAFF4F05E}.Debug|Any CPU.Build.0 = Debug|Any CPU
		{248ABB82-7709-4B79-9C75-BACAAFF4F05E}.Release|Any CPU.ActiveCfg = Release|Any CPU
		{248ABB82-7709-4B79-9C75-BACAAFF4F05E}.Release|Any CPU.Build.0 = Release|Any CPU
	EndGlobalSection
	GlobalSection(SolutionProperties) = preSolution
		HideSolutionNode = FALSE
	EndGlobalSection
	GlobalSection(ExtensibilityGlobals) = postSolution
		SolutionGuid = {EC53602F-0F9C-4345-B278-1B42B5AD5874}
	EndGlobalSection
EndGlobal
